
Microsoft Visual Studio Solution File, Format Version 12.00
# Visual Studio Version 16
VisualStudioVersion = 16.0.29009.5
MinimumVisualStudioVersion = 10.0.40219.1
Project("{FAE04EC0-301F-11D3-BF4B-00C04F79EFBC}") = "Necropsyology.UWP", "Necropsyology.UWP\Necropsyology.UWP.csproj", "{9D5CA6E5-8CA3-4BE0-A4C6-B58FF18ABD84}"
EndProject
Project("{FAE04EC0-301F-11D3-BF4B-00C04F79EFBC}") = "Necropsyology.Android", "Necropsyology.Android\Necropsyology.Android.csproj", "{624410DA-0746-495E-A387-7993E9340D13}"
EndProject
Project("{FAE04EC0-301F-11D3-BF4B-00C04F79EFBC}") = "Necropsyology.iOS", "Necropsyology.iOS\Necropsyology.iOS.csproj", "{AEE60DEB-4F9F-4E3B-BF4D-D57C716A72A6}"
EndProject
Project("{9A19103F-16F7-4668-BE54-9A1E7A4F7556}") = "Necropsyology", "Necropsyology\Necropsyology.csproj", "{5635C4A1-6EC1-4366-9B54-16A9B9C457EE}"
EndProject
Project("{FAE04EC0-301F-11D3-BF4B-00C04F79EFBC}") = "Necropsyology.WEB", "..\Necropsyology.WEB\Necropsyology.WEB.csproj", "{9B44B695-1E05-406D-837A-D16AB87C0F58}"
EndProject
Project("{FAE04EC0-301F-11D3-BF4B-00C04F79EFBC}") = "Necropsyology.WEB.Tests", "Necropsyology.WEB.Tests\Necropsyology.WEB.Tests.csproj", "{FE93D268-1CE3-4B9A-8191-D717A8DFF83F}"
EndProject
Project("{FAE04EC0-301F-11D3-BF4B-00C04F79EFBC}") = "Necropsyology.Core", "..\Necropsyology.Core\Necropsyology.Core.csproj", "{E27EA605-111A-4049-AB2A-B3B6B2A66590}"
EndProject
Project("{FAE04EC0-301F-11D3-BF4B-00C04F79EFBC}") = "Necropsyology.Datos", "..\Necropsyology.Datos\Necropsyology.Datos.csproj", "{4436B7F8-9B8C-4568-B279-161D4745CB15}"
EndProject
Project("{FAE04EC0-301F-11D3-BF4B-00C04F79EFBC}") = "Necropsyology.Admin", "Necropsyology.Admin\Necropsyology.Admin.csproj", "{00A4CF3D-452C-421F-ADBE-FB2AA6CB0969}"
EndProject
Global
	GlobalSection(SolutionConfigurationPlatforms) = preSolution
		Debug|Any CPU = Debug|Any CPU
		Debug|ARM = Debug|ARM
		Debug|iPhone = Debug|iPhone
		Debug|iPhoneSimulator = Debug|iPhoneSimulator
		Debug|x64 = Debug|x64
		Debug|x86 = Debug|x86
		Release|Any CPU = Release|Any CPU
		Release|ARM = Release|ARM
		Release|iPhone = Release|iPhone
		Release|iPhoneSimulator = Release|iPhoneSimulator
		Release|x64 = Release|x64
		Release|x86 = Release|x86
	EndGlobalSection
	GlobalSection(ProjectConfigurationPlatforms) = postSolution
		{9D5CA6E5-8CA3-4BE0-A4C6-B58FF18ABD84}.Debug|Any CPU.ActiveCfg = Debug|x86
		{9D5CA6E5-8CA3-4BE0-A4C6-B58FF18ABD84}.Debug|Any CPU.Build.0 = Debug|x86
		{9D5CA6E5-8CA3-4BE0-A4C6-B58FF18ABD84}.Debug|Any CPU.Deploy.0 = Debug|x86
		{9D5CA6E5-8CA3-4BE0-A4C6-B58FF18ABD84}.Debug|ARM.ActiveCfg = Debug|ARM
		{9D5CA6E5-8CA3-4BE0-A4C6-B58FF18ABD84}.Debug|ARM.Build.0 = Debug|ARM
		{9D5CA6E5-8CA3-4BE0-A4C6-B58FF18ABD84}.Debug|ARM.Deploy.0 = Debug|ARM
		{9D5CA6E5-8CA3-4BE0-A4C6-B58FF18ABD84}.Debug|iPhone.ActiveCfg = Debug|x86
		{9D5CA6E5-8CA3-4BE0-A4C6-B58FF18ABD84}.Debug|iPhone.Build.0 = Debug|x86
		{9D5CA6E5-8CA3-4BE0-A4C6-B58FF18ABD84}.Debug|iPhone.Deploy.0 = Debug|x86
		{9D5CA6E5-8CA3-4BE0-A4C6-B58FF18ABD84}.Debug|iPhoneSimulator.ActiveCfg = Debug|x86
		{9D5CA6E5-8CA3-4BE0-A4C6-B58FF18ABD84}.Debug|iPhoneSimulator.Build.0 = Debug|x86
		{9D5CA6E5-8CA3-4BE0-A4C6-B58FF18ABD84}.Debug|iPhoneSimulator.Deploy.0 = Debug|x86
		{9D5CA6E5-8CA3-4BE0-A4C6-B58FF18ABD84}.Debug|x64.ActiveCfg = Debug|x64
		{9D5CA6E5-8CA3-4BE0-A4C6-B58FF18ABD84}.Debug|x64.Build.0 = Debug|x64
		{9D5CA6E5-8CA3-4BE0-A4C6-B58FF18ABD84}.Debug|x64.Deploy.0 = Debug|x64
		{9D5CA6E5-8CA3-4BE0-A4C6-B58FF18ABD84}.Debug|x86.ActiveCfg = Debug|x86
		{9D5CA6E5-8CA3-4BE0-A4C6-B58FF18ABD84}.Debug|x86.Build.0 = Debug|x86
		{9D5CA6E5-8CA3-4BE0-A4C6-B58FF18ABD84}.Debug|x86.Deploy.0 = Debug|x86
		{9D5CA6E5-8CA3-4BE0-A4C6-B58FF18ABD84}.Release|Any CPU.ActiveCfg = Release|x86
		{9D5CA6E5-8CA3-4BE0-A4C6-B58FF18ABD84}.Release|Any CPU.Build.0 = Release|x86
		{9D5CA6E5-8CA3-4BE0-A4C6-B58FF18ABD84}.Release|Any CPU.Deploy.0 = Release|x86
		{9D5CA6E5-8CA3-4BE0-A4C6-B58FF18ABD84}.Release|ARM.ActiveCfg = Release|ARM
		{9D5CA6E5-8CA3-4BE0-A4C6-B58FF18ABD84}.Release|ARM.Build.0 = Release|ARM
		{9D5CA6E5-8CA3-4BE0-A4C6-B58FF18ABD84}.Release|ARM.Deploy.0 = Release|ARM
		{9D5CA6E5-8CA3-4BE0-A4C6-B58FF18ABD84}.Release|iPhone.ActiveCfg = Release|x86
		{9D5CA6E5-8CA3-4BE0-A4C6-B58FF18ABD84}.Release|iPhone.Build.0 = Release|x86
		{9D5CA6E5-8CA3-4BE0-A4C6-B58FF18ABD84}.Release|iPhone.Deploy.0 = Release|x86
		{9D5CA6E5-8CA3-4BE0-A4C6-B58FF18ABD84}.Release|iPhoneSimulator.ActiveCfg = Release|x86
		{9D5CA6E5-8CA3-4BE0-A4C6-B58FF18ABD84}.Release|iPhoneSimulator.Build.0 = Release|x86
		{9D5CA6E5-8CA3-4BE0-A4C6-B58FF18ABD84}.Release|iPhoneSimulator.Deploy.0 = Release|x86
		{9D5CA6E5-8CA3-4BE0-A4C6-B58FF18ABD84}.Release|x64.ActiveCfg = Release|x64
		{9D5CA6E5-8CA3-4BE0-A4C6-B58FF18ABD84}.Release|x64.Build.0 = Release|x64
		{9D5CA6E5-8CA3-4BE0-A4C6-B58FF18ABD84}.Release|x64.Deploy.0 = Release|x64
		{9D5CA6E5-8CA3-4BE0-A4C6-B58FF18ABD84}.Release|x86.ActiveCfg = Release|x86
		{9D5CA6E5-8CA3-4BE0-A4C6-B58FF18ABD84}.Release|x86.Build.0 = Release|x86
		{9D5CA6E5-8CA3-4BE0-A4C6-B58FF18ABD84}.Release|x86.Deploy.0 = Release|x86
		{624410DA-0746-495E-A387-7993E9340D13}.Debug|Any CPU.ActiveCfg = Debug|Any CPU
		{624410DA-0746-495E-A387-7993E9340D13}.Debug|Any CPU.Build.0 = Debug|Any CPU
		{624410DA-0746-495E-A387-7993E9340D13}.Debug|Any CPU.Deploy.0 = Debug|Any CPU
		{624410DA-0746-495E-A387-7993E9340D13}.Debug|ARM.ActiveCfg = Debug|Any CPU
		{624410DA-0746-495E-A387-7993E9340D13}.Debug|ARM.Build.0 = Debug|Any CPU
		{624410DA-0746-495E-A387-7993E9340D13}.Debug|ARM.Deploy.0 = Debug|Any CPU
		{624410DA-0746-495E-A387-7993E9340D13}.Debug|iPhone.ActiveCfg = Debug|Any CPU
		{624410DA-0746-495E-A387-7993E9340D13}.Debug|iPhone.Build.0 = Debug|Any CPU
		{624410DA-0746-495E-A387-7993E9340D13}.Debug|iPhone.Deploy.0 = Debug|Any CPU
		{624410DA-0746-495E-A387-7993E9340D13}.Debug|iPhoneSimulator.ActiveCfg = Debug|Any CPU
		{624410DA-0746-495E-A387-7993E9340D13}.Debug|iPhoneSimulator.Build.0 = Debug|Any CPU
		{624410DA-0746-495E-A387-7993E9340D13}.Debug|iPhoneSimulator.Deploy.0 = Debug|Any CPU
		{624410DA-0746-495E-A387-7993E9340D13}.Debug|x64.ActiveCfg = Debug|Any CPU
		{624410DA-0746-495E-A387-7993E9340D13}.Debug|x64.Build.0 = Debug|Any CPU
		{624410DA-0746-495E-A387-7993E9340D13}.Debug|x64.Deploy.0 = Debug|Any CPU
		{624410DA-0746-495E-A387-7993E9340D13}.Debug|x86.ActiveCfg = Debug|Any CPU
		{624410DA-0746-495E-A387-7993E9340D13}.Debug|x86.Build.0 = Debug|Any CPU
		{624410DA-0746-495E-A387-7993E9340D13}.Debug|x86.Deploy.0 = Debug|Any CPU
		{624410DA-0746-495E-A387-7993E9340D13}.Release|Any CPU.ActiveCfg = Release|Any CPU
		{624410DA-0746-495E-A387-7993E9340D13}.Release|Any CPU.Build.0 = Release|Any CPU
		{624410DA-0746-495E-A387-7993E9340D13}.Release|Any CPU.Deploy.0 = Release|Any CPU
		{624410DA-0746-495E-A387-7993E9340D13}.Release|ARM.ActiveCfg = Release|Any CPU
		{624410DA-0746-495E-A387-7993E9340D13}.Release|ARM.Build.0 = Release|Any CPU
		{624410DA-0746-495E-A387-7993E9340D13}.Release|ARM.Deploy.0 = Release|Any CPU
		{624410DA-0746-495E-A387-7993E9340D13}.Release|iPhone.ActiveCfg = Release|Any CPU
		{624410DA-0746-495E-A387-7993E9340D13}.Release|iPhone.Build.0 = Release|Any CPU
		{624410DA-0746-495E-A387-7993E9340D13}.Release|iPhone.Deploy.0 = Release|Any CPU
		{624410DA-0746-495E-A387-7993E9340D13}.Release|iPhoneSimulator.ActiveCfg = Release|Any CPU
		{624410DA-0746-495E-A387-7993E9340D13}.Release|iPhoneSimulator.Build.0 = Release|Any CPU
		{624410DA-0746-495E-A387-7993E9340D13}.Release|iPhoneSimulator.Deploy.0 = Release|Any CPU
		{624410DA-0746-495E-A387-7993E9340D13}.Release|x64.ActiveCfg = Release|Any CPU
		{624410DA-0746-495E-A387-7993E9340D13}.Release|x64.Build.0 = Release|Any CPU
		{624410DA-0746-495E-A387-7993E9340D13}.Release|x64.Deploy.0 = Release|Any CPU
		{624410DA-0746-495E-A387-7993E9340D13}.Release|x86.ActiveCfg = Release|Any CPU
		{624410DA-0746-495E-A387-7993E9340D13}.Release|x86.Build.0 = Release|Any CPU
		{624410DA-0746-495E-A387-7993E9340D13}.Release|x86.Deploy.0 = Release|Any CPU
		{AEE60DEB-4F9F-4E3B-BF4D-D57C716A72A6}.Debug|Any CPU.ActiveCfg = Debug|iPhone
		{AEE60DEB-4F9F-4E3B-BF4D-D57C716A72A6}.Debug|Any CPU.Build.0 = Debug|iPhone
		{AEE60DEB-4F9F-4E3B-BF4D-D57C716A72A6}.Debug|Any CPU.Deploy.0 = Debug|iPhone
		{AEE60DEB-4F9F-4E3B-BF4D-D57C716A72A6}.Debug|ARM.ActiveCfg = Debug|iPhoneSimulator
		{AEE60DEB-4F9F-4E3B-BF4D-D57C716A72A6}.Debug|ARM.Build.0 = Debug|iPhoneSimulator
		{AEE60DEB-4F9F-4E3B-BF4D-D57C716A72A6}.Debug|ARM.Deploy.0 = Debug|iPhoneSimulator
		{AEE60DEB-4F9F-4E3B-BF4D-D57C716A72A6}.Debug|iPhone.ActiveCfg = Debug|iPhone
		{AEE60DEB-4F9F-4E3B-BF4D-D57C716A72A6}.Debug|iPhone.Build.0 = Debug|iPhone
		{AEE60DEB-4F9F-4E3B-BF4D-D57C716A72A6}.Debug|iPhone.Deploy.0 = Debug|iPhone
		{AEE60DEB-4F9F-4E3B-BF4D-D57C716A72A6}.Debug|iPhoneSimulator.ActiveCfg = Debug|iPhoneSimulator
		{AEE60DEB-4F9F-4E3B-BF4D-D57C716A72A6}.Debug|iPhoneSimulator.Build.0 = Debug|iPhoneSimulator
		{AEE60DEB-4F9F-4E3B-BF4D-D57C716A72A6}.Debug|iPhoneSimulator.Deploy.0 = Debug|iPhoneSimulator
		{AEE60DEB-4F9F-4E3B-BF4D-D57C716A72A6}.Debug|x64.ActiveCfg = Debug|iPhone
		{AEE60DEB-4F9F-4E3B-BF4D-D57C716A72A6}.Debug|x64.Build.0 = Debug|iPhone
		{AEE60DEB-4F9F-4E3B-BF4D-D57C716A72A6}.Debug|x64.Deploy.0 = Debug|iPhone
		{AEE60DEB-4F9F-4E3B-BF4D-D57C716A72A6}.Debug|x86.ActiveCfg = Debug|iPhone
		{AEE60DEB-4F9F-4E3B-BF4D-D57C716A72A6}.Debug|x86.Build.0 = Debug|iPhone
		{AEE60DEB-4F9F-4E3B-BF4D-D57C716A72A6}.Debug|x86.Deploy.0 = Debug|iPhone
		{AEE60DEB-4F9F-4E3B-BF4D-D57C716A72A6}.Release|Any CPU.ActiveCfg = Release|iPhone
		{AEE60DEB-4F9F-4E3B-BF4D-D57C716A72A6}.Release|Any CPU.Build.0 = Release|iPhone
		{AEE60DEB-4F9F-4E3B-BF4D-D57C716A72A6}.Release|Any CPU.Deploy.0 = Release|iPhone
		{AEE60DEB-4F9F-4E3B-BF4D-D57C716A72A6}.Release|ARM.ActiveCfg = Release|iPhone
		{AEE60DEB-4F9F-4E3B-BF4D-D57C716A72A6}.Release|ARM.Build.0 = Release|iPhone
		{AEE60DEB-4F9F-4E3B-BF4D-D57C716A72A6}.Release|ARM.Deploy.0 = Release|iPhone
		{AEE60DEB-4F9F-4E3B-BF4D-D57C716A72A6}.Release|iPhone.ActiveCfg = Release|iPhone
		{AEE60DEB-4F9F-4E3B-BF4D-D57C716A72A6}.Release|iPhone.Build.0 = Release|iPhone
		{AEE60DEB-4F9F-4E3B-BF4D-D57C716A72A6}.Release|iPhone.Deploy.0 = Release|iPhone
		{AEE60DEB-4F9F-4E3B-BF4D-D57C716A72A6}.Release|iPhoneSimulator.ActiveCfg = Release|iPhoneSimulator
		{AEE60DEB-4F9F-4E3B-BF4D-D57C716A72A6}.Release|iPhoneSimulator.Build.0 = Release|iPhoneSimulator
		{AEE60DEB-4F9F-4E3B-BF4D-D57C716A72A6}.Release|iPhoneSimulator.Deploy.0 = Release|iPhoneSimulator
		{AEE60DEB-4F9F-4E3B-BF4D-D57C716A72A6}.Release|x64.ActiveCfg = Release|iPhone
		{AEE60DEB-4F9F-4E3B-BF4D-D57C716A72A6}.Release|x64.Build.0 = Release|iPhone
		{AEE60DEB-4F9F-4E3B-BF4D-D57C716A72A6}.Release|x64.Deploy.0 = Release|iPhone
		{AEE60DEB-4F9F-4E3B-BF4D-D57C716A72A6}.Release|x86.ActiveCfg = Release|iPhone
		{AEE60DEB-4F9F-4E3B-BF4D-D57C716A72A6}.Release|x86.Build.0 = Release|iPhone
		{AEE60DEB-4F9F-4E3B-BF4D-D57C716A72A6}.Release|x86.Deploy.0 = Release|iPhone
		{5635C4A1-6EC1-4366-9B54-16A9B9C457EE}.Debug|Any CPU.ActiveCfg = Debug|Any CPU
		{5635C4A1-6EC1-4366-9B54-16A9B9C457EE}.Debug|Any CPU.Build.0 = Debug|Any CPU
		{5635C4A1-6EC1-4366-9B54-16A9B9C457EE}.Debug|Any CPU.Deploy.0 = Debug|Any CPU
		{5635C4A1-6EC1-4366-9B54-16A9B9C457EE}.Debug|ARM.ActiveCfg = Debug|Any CPU
		{5635C4A1-6EC1-4366-9B54-16A9B9C457EE}.Debug|ARM.Build.0 = Debug|Any CPU
		{5635C4A1-6EC1-4366-9B54-16A9B9C457EE}.Debug|ARM.Deploy.0 = Debug|Any CPU
		{5635C4A1-6EC1-4366-9B54-16A9B9C457EE}.Debug|iPhone.ActiveCfg = Debug|Any CPU
		{5635C4A1-6EC1-4366-9B54-16A9B9C457EE}.Debug|iPhone.Build.0 = Debug|Any CPU
		{5635C4A1-6EC1-4366-9B54-16A9B9C457EE}.Debug|iPhone.Deploy.0 = Debug|Any CPU
		{5635C4A1-6EC1-4366-9B54-16A9B9C457EE}.Debug|iPhoneSimulator.ActiveCfg = Debug|Any CPU
		{5635C4A1-6EC1-4366-9B54-16A9B9C457EE}.Debug|iPhoneSimulator.Build.0 = Debug|Any CPU
		{5635C4A1-6EC1-4366-9B54-16A9B9C457EE}.Debug|iPhoneSimulator.Deploy.0 = Debug|Any CPU
		{5635C4A1-6EC1-4366-9B54-16A9B9C457EE}.Debug|x64.ActiveCfg = Debug|Any CPU
		{5635C4A1-6EC1-4366-9B54-16A9B9C457EE}.Debug|x64.Build.0 = Debug|Any CPU
		{5635C4A1-6EC1-4366-9B54-16A9B9C457EE}.Debug|x64.Deploy.0 = Debug|Any CPU
		{5635C4A1-6EC1-4366-9B54-16A9B9C457EE}.Debug|x86.ActiveCfg = Debug|Any CPU
		{5635C4A1-6EC1-4366-9B54-16A9B9C457EE}.Debug|x86.Build.0 = Debug|Any CPU
		{5635C4A1-6EC1-4366-9B54-16A9B9C457EE}.Debug|x86.Deploy.0 = Debug|Any CPU
		{5635C4A1-6EC1-4366-9B54-16A9B9C457EE}.Release|Any CPU.ActiveCfg = Release|Any CPU
		{5635C4A1-6EC1-4366-9B54-16A9B9C457EE}.Release|Any CPU.Build.0 = Release|Any CPU
		{5635C4A1-6EC1-4366-9B54-16A9B9C457EE}.Release|Any CPU.Deploy.0 = Release|Any CPU
		{5635C4A1-6EC1-4366-9B54-16A9B9C457EE}.Release|ARM.ActiveCfg = Release|Any CPU
		{5635C4A1-6EC1-4366-9B54-16A9B9C457EE}.Release|ARM.Build.0 = Release|Any CPU
		{5635C4A1-6EC1-4366-9B54-16A9B9C457EE}.Release|ARM.Deploy.0 = Release|Any CPU
		{5635C4A1-6EC1-4366-9B54-16A9B9C457EE}.Release|iPhone.ActiveCfg = Release|Any CPU
		{5635C4A1-6EC1-4366-9B54-16A9B9C457EE}.Release|iPhone.Build.0 = Release|Any CPU
		{5635C4A1-6EC1-4366-9B54-16A9B9C457EE}.Release|iPhone.Deploy.0 = Release|Any CPU
		{5635C4A1-6EC1-4366-9B54-16A9B9C457EE}.Release|iPhoneSimulator.ActiveCfg = Release|Any CPU
		{5635C4A1-6EC1-4366-9B54-16A9B9C457EE}.Release|iPhoneSimulator.Build.0 = Release|Any CPU
		{5635C4A1-6EC1-4366-9B54-16A9B9C457EE}.Release|iPhoneSimulator.Deploy.0 = Release|Any CPU
		{5635C4A1-6EC1-4366-9B54-16A9B9C457EE}.Release|x64.ActiveCfg = Release|Any CPU
		{5635C4A1-6EC1-4366-9B54-16A9B9C457EE}.Release|x64.Build.0 = Release|Any CPU
		{5635C4A1-6EC1-4366-9B54-16A9B9C457EE}.Release|x64.Deploy.0 = Release|Any CPU
		{5635C4A1-6EC1-4366-9B54-16A9B9C457EE}.Release|x86.ActiveCfg = Release|Any CPU
		{5635C4A1-6EC1-4366-9B54-16A9B9C457EE}.Release|x86.Build.0 = Release|Any CPU
		{5635C4A1-6EC1-4366-9B54-16A9B9C457EE}.Release|x86.Deploy.0 = Release|Any CPU
		{9B44B695-1E05-406D-837A-D16AB87C0F58}.Debug|Any CPU.ActiveCfg = Debug|Any CPU
		{9B44B695-1E05-406D-837A-D16AB87C0F58}.Debug|Any CPU.Build.0 = Debug|Any CPU
		{9B44B695-1E05-406D-837A-D16AB87C0F58}.Debug|ARM.ActiveCfg = Debug|Any CPU
		{9B44B695-1E05-406D-837A-D16AB87C0F58}.Debug|ARM.Build.0 = Debug|Any CPU
		{9B44B695-1E05-406D-837A-D16AB87C0F58}.Debug|iPhone.ActiveCfg = Debug|Any CPU
		{9B44B695-1E05-406D-837A-D16AB87C0F58}.Debug|iPhone.Build.0 = Debug|Any CPU
		{9B44B695-1E05-406D-837A-D16AB87C0F58}.Debug|iPhoneSimulator.ActiveCfg = Debug|Any CPU
		{9B44B695-1E05-406D-837A-D16AB87C0F58}.Debug|iPhoneSimulator.Build.0 = Debug|Any CPU
		{9B44B695-1E05-406D-837A-D16AB87C0F58}.Debug|x64.ActiveCfg = Debug|Any CPU
		{9B44B695-1E05-406D-837A-D16AB87C0F58}.Debug|x64.Build.0 = Debug|Any CPU
		{9B44B695-1E05-406D-837A-D16AB87C0F58}.Debug|x86.ActiveCfg = Debug|Any CPU
		{9B44B695-1E05-406D-837A-D16AB87C0F58}.Debug|x86.Build.0 = Debug|Any CPU
		{9B44B695-1E05-406D-837A-D16AB87C0F58}.Release|Any CPU.ActiveCfg = Release|Any CPU
		{9B44B695-1E05-406D-837A-D16AB87C0F58}.Release|Any CPU.Build.0 = Release|Any CPU
		{9B44B695-1E05-406D-837A-D16AB87C0F58}.Release|ARM.ActiveCfg = Release|Any CPU
		{9B44B695-1E05-406D-837A-D16AB87C0F58}.Release|ARM.Build.0 = Release|Any CPU
		{9B44B695-1E05-406D-837A-D16AB87C0F58}.Release|iPhone.ActiveCfg = Release|Any CPU
		{9B44B695-1E05-406D-837A-D16AB87C0F58}.Release|iPhone.Build.0 = Release|Any CPU
		{9B44B695-1E05-406D-837A-D16AB87C0F58}.Release|iPhoneSimulator.ActiveCfg = Release|Any CPU
		{9B44B695-1E05-406D-837A-D16AB87C0F58}.Release|iPhoneSimulator.Build.0 = Release|Any CPU
		{9B44B695-1E05-406D-837A-D16AB87C0F58}.Release|x64.ActiveCfg = Release|Any CPU
		{9B44B695-1E05-406D-837A-D16AB87C0F58}.Release|x64.Build.0 = Release|Any CPU
		{9B44B695-1E05-406D-837A-D16AB87C0F58}.Release|x86.ActiveCfg = Release|Any CPU
		{9B44B695-1E05-406D-837A-D16AB87C0F58}.Release|x86.Build.0 = Release|Any CPU
		{FE93D268-1CE3-4B9A-8191-D717A8DFF83F}.Debug|Any CPU.ActiveCfg = Debug|Any CPU
		{FE93D268-1CE3-4B9A-8191-D717A8DFF83F}.Debug|Any CPU.Build.0 = Debug|Any CPU
		{FE93D268-1CE3-4B9A-8191-D717A8DFF83F}.Debug|ARM.ActiveCfg = Debug|Any CPU
		{FE93D268-1CE3-4B9A-8191-D717A8DFF83F}.Debug|ARM.Build.0 = Debug|Any CPU
		{FE93D268-1CE3-4B9A-8191-D717A8DFF83F}.Debug|iPhone.ActiveCfg = Debug|Any CPU
		{FE93D268-1CE3-4B9A-8191-D717A8DFF83F}.Debug|iPhone.Build.0 = Debug|Any CPU
		{FE93D268-1CE3-4B9A-8191-D717A8DFF83F}.Debug|iPhoneSimulator.ActiveCfg = Debug|Any CPU
		{FE93D268-1CE3-4B9A-8191-D717A8DFF83F}.Debug|iPhoneSimulator.Build.0 = Debug|Any CPU
		{FE93D268-1CE3-4B9A-8191-D717A8DFF83F}.Debug|x64.ActiveCfg = Debug|Any CPU
		{FE93D268-1CE3-4B9A-8191-D717A8DFF83F}.Debug|x64.Build.0 = Debug|Any CPU
		{FE93D268-1CE3-4B9A-8191-D717A8DFF83F}.Debug|x86.ActiveCfg = Debug|Any CPU
		{FE93D268-1CE3-4B9A-8191-D717A8DFF83F}.Debug|x86.Build.0 = Debug|Any CPU
		{FE93D268-1CE3-4B9A-8191-D717A8DFF83F}.Release|Any CPU.ActiveCfg = Release|Any CPU
		{FE93D268-1CE3-4B9A-8191-D717A8DFF83F}.Release|Any CPU.Build.0 = Release|Any CPU
		{FE93D268-1CE3-4B9A-8191-D717A8DFF83F}.Release|ARM.ActiveCfg = Release|Any CPU
		{FE93D268-1CE3-4B9A-8191-D717A8DFF83F}.Release|ARM.Build.0 = Release|Any CPU
		{FE93D268-1CE3-4B9A-8191-D717A8DFF83F}.Release|iPhone.ActiveCfg = Release|Any CPU
		{FE93D268-1CE3-4B9A-8191-D717A8DFF83F}.Release|iPhone.Build.0 = Release|Any CPU
		{FE93D268-1CE3-4B9A-8191-D717A8DFF83F}.Release|iPhoneSimulator.ActiveCfg = Release|Any CPU
		{FE93D268-1CE3-4B9A-8191-D717A8DFF83F}.Release|iPhoneSimulator.Build.0 = Release|Any CPU
		{FE93D268-1CE3-4B9A-8191-D717A8DFF83F}.Release|x64.ActiveCfg = Release|Any CPU
		{FE93D268-1CE3-4B9A-8191-D717A8DFF83F}.Release|x64.Build.0 = Release|Any CPU
		{FE93D268-1CE3-4B9A-8191-D717A8DFF83F}.Release|x86.ActiveCfg = Release|Any CPU
		{FE93D268-1CE3-4B9A-8191-D717A8DFF83F}.Release|x86.Build.0 = Release|Any CPU
		{E27EA605-111A-4049-AB2A-B3B6B2A66590}.Debug|Any CPU.ActiveCfg = Debug|Any CPU
		{E27EA605-111A-4049-AB2A-B3B6B2A66590}.Debug|Any CPU.Build.0 = Debug|Any CPU
		{E27EA605-111A-4049-AB2A-B3B6B2A66590}.Debug|ARM.ActiveCfg = Debug|Any CPU
		{E27EA605-111A-4049-AB2A-B3B6B2A66590}.Debug|ARM.Build.0 = Debug|Any CPU
		{E27EA605-111A-4049-AB2A-B3B6B2A66590}.Debug|iPhone.ActiveCfg = Debug|Any CPU
		{E27EA605-111A-4049-AB2A-B3B6B2A66590}.Debug|iPhone.Build.0 = Debug|Any CPU
		{E27EA605-111A-4049-AB2A-B3B6B2A66590}.Debug|iPhoneSimulator.ActiveCfg = Debug|Any CPU
		{E27EA605-111A-4049-AB2A-B3B6B2A66590}.Debug|iPhoneSimulator.Build.0 = Debug|Any CPU
		{E27EA605-111A-4049-AB2A-B3B6B2A66590}.Debug|x64.ActiveCfg = Debug|Any CPU
		{E27EA605-111A-4049-AB2A-B3B6B2A66590}.Debug|x64.Build.0 = Debug|Any CPU
		{E27EA605-111A-4049-AB2A-B3B6B2A66590}.Debug|x86.ActiveCfg = Debug|Any CPU
		{E27EA605-111A-4049-AB2A-B3B6B2A66590}.Debug|x86.Build.0 = Debug|Any CPU
		{E27EA605-111A-4049-AB2A-B3B6B2A66590}.Release|Any CPU.ActiveCfg = Release|Any CPU
		{E27EA605-111A-4049-AB2A-B3B6B2A66590}.Release|Any CPU.Build.0 = Release|Any CPU
		{E27EA605-111A-4049-AB2A-B3B6B2A66590}.Release|ARM.ActiveCfg = Release|Any CPU
		{E27EA605-111A-4049-AB2A-B3B6B2A66590}.Release|ARM.Build.0 = Release|Any CPU
		{E27EA605-111A-4049-AB2A-B3B6B2A66590}.Release|iPhone.ActiveCfg = Release|Any CPU
		{E27EA605-111A-4049-AB2A-B3B6B2A66590}.Release|iPhone.Build.0 = Release|Any CPU
		{E27EA605-111A-4049-AB2A-B3B6B2A66590}.Release|iPhoneSimulator.ActiveCfg = Release|Any CPU
		{E27EA605-111A-4049-AB2A-B3B6B2A66590}.Release|iPhoneSimulator.Build.0 = Release|Any CPU
		{E27EA605-111A-4049-AB2A-B3B6B2A66590}.Release|x64.ActiveCfg = Release|Any CPU
		{E27EA605-111A-4049-AB2A-B3B6B2A66590}.Release|x64.Build.0 = Release|Any CPU
		{E27EA605-111A-4049-AB2A-B3B6B2A66590}.Release|x86.ActiveCfg = Release|Any CPU
		{E27EA605-111A-4049-AB2A-B3B6B2A66590}.Release|x86.Build.0 = Release|Any CPU
		{4436B7F8-9B8C-4568-B279-161D4745CB15}.Debug|Any CPU.ActiveCfg = Debug|Any CPU
		{4436B7F8-9B8C-4568-B279-161D4745CB15}.Debug|Any CPU.Build.0 = Debug|Any CPU
		{4436B7F8-9B8C-4568-B279-161D4745CB15}.Debug|ARM.ActiveCfg = Debug|Any CPU
		{4436B7F8-9B8C-4568-B279-161D4745CB15}.Debug|ARM.Build.0 = Debug|Any CPU
		{4436B7F8-9B8C-4568-B279-161D4745CB15}.Debug|iPhone.ActiveCfg = Debug|Any CPU
		{4436B7F8-9B8C-4568-B279-161D4745CB15}.Debug|iPhone.Build.0 = Debug|Any CPU
		{4436B7F8-9B8C-4568-B279-161D4745CB15}.Debug|iPhoneSimulator.ActiveCfg = Debug|Any CPU
		{4436B7F8-9B8C-4568-B279-161D4745CB15}.Debug|iPhoneSimulator.Build.0 = Debug|Any CPU
		{4436B7F8-9B8C-4568-B279-161D4745CB15}.Debug|x64.ActiveCfg = Debug|Any CPU
		{4436B7F8-9B8C-4568-B279-161D4745CB15}.Debug|x64.Build.0 = Debug|Any CPU
		{4436B7F8-9B8C-4568-B279-161D4745CB15}.Debug|x86.ActiveCfg = Debug|Any CPU
		{4436B7F8-9B8C-4568-B279-161D4745CB15}.Debug|x86.Build.0 = Debug|Any CPU
		{4436B7F8-9B8C-4568-B279-161D4745CB15}.Release|Any CPU.ActiveCfg = Release|Any CPU
		{4436B7F8-9B8C-4568-B279-161D4745CB15}.Release|Any CPU.Build.0 = Release|Any CPU
		{4436B7F8-9B8C-4568-B279-161D4745CB15}.Release|ARM.ActiveCfg = Release|Any CPU
		{4436B7F8-9B8C-4568-B279-161D4745CB15}.Release|ARM.Build.0 = Release|Any CPU
		{4436B7F8-9B8C-4568-B279-161D4745CB15}.Release|iPhone.ActiveCfg = Release|Any CPU
		{4436B7F8-9B8C-4568-B279-161D4745CB15}.Release|iPhone.Build.0 = Release|Any CPU
		{4436B7F8-9B8C-4568-B279-161D4745CB15}.Release|iPhoneSimulator.ActiveCfg = Release|Any CPU
		{4436B7F8-9B8C-4568-B279-161D4745CB15}.Release|iPhoneSimulator.Build.0 = Release|Any CPU
		{4436B7F8-9B8C-4568-B279-161D4745CB15}.Release|x64.ActiveCfg = Release|Any CPU
		{4436B7F8-9B8C-4568-B279-161D4745CB15}.Release|x64.Build.0 = Release|Any CPU
		{4436B7F8-9B8C-4568-B279-161D4745CB15}.Release|x86.ActiveCfg = Release|Any CPU
		{4436B7F8-9B8C-4568-B279-161D4745CB15}.Release|x86.Build.0 = Release|Any CPU
		{00A4CF3D-452C-421F-ADBE-FB2AA6CB0969}.Debug|Any CPU.ActiveCfg = Debug|Any CPU
		{00A4CF3D-452C-421F-ADBE-FB2AA6CB0969}.Debug|Any CPU.Build.0 = Debug|Any CPU
		{00A4CF3D-452C-421F-ADBE-FB2AA6CB0969}.Debug|ARM.ActiveCfg = Debug|Any CPU
		{00A4CF3D-452C-421F-ADBE-FB2AA6CB0969}.Debug|ARM.Build.0 = Debug|Any CPU
		{00A4CF3D-452C-421F-ADBE-FB2AA6CB0969}.Debug|iPhone.ActiveCfg = Debug|Any CPU
		{00A4CF3D-452C-421F-ADBE-FB2AA6CB0969}.Debug|iPhone.Build.0 = Debug|Any CPU
		{00A4CF3D-452C-421F-ADBE-FB2AA6CB0969}.Debug|iPhoneSimulator.ActiveCfg = Debug|Any CPU
		{00A4CF3D-452C-421F-ADBE-FB2AA6CB0969}.Debug|iPhoneSimulator.Build.0 = Debug|Any CPU
		{00A4CF3D-452C-421F-ADBE-FB2AA6CB0969}.Debug|x64.ActiveCfg = Debug|Any CPU
		{00A4CF3D-452C-421F-ADBE-FB2AA6CB0969}.Debug|x64.Build.0 = Debug|Any CPU
		{00A4CF3D-452C-421F-ADBE-FB2AA6CB0969}.Debug|x86.ActiveCfg = Debug|Any CPU
		{00A4CF3D-452C-421F-ADBE-FB2AA6CB0969}.Debug|x86.Build.0 = Debug|Any CPU
		{00A4CF3D-452C-421F-ADBE-FB2AA6CB0969}.Release|Any CPU.ActiveCfg = Release|Any CPU
		{00A4CF3D-452C-421F-ADBE-FB2AA6CB0969}.Release|Any CPU.Build.0 = Release|Any CPU
		{00A4CF3D-452C-421F-ADBE-FB2AA6CB0969}.Release|ARM.ActiveCfg = Release|Any CPU
		{00A4CF3D-452C-421F-ADBE-FB2AA6CB0969}.Release|ARM.Build.0 = Release|Any CPU
		{00A4CF3D-452C-421F-ADBE-FB2AA6CB0969}.Release|iPhone.ActiveCfg = Release|Any CPU
		{00A4CF3D-452C-421F-ADBE-FB2AA6CB0969}.Release|iPhone.Build.0 = Release|Any CPU
		{00A4CF3D-452C-421F-ADBE-FB2AA6CB0969}.Release|iPhoneSimulator.ActiveCfg = Release|Any CPU
		{00A4CF3D-452C-421F-ADBE-FB2AA6CB0969}.Release|iPhoneSimulator.Build.0 = Release|Any CPU
		{00A4CF3D-452C-421F-ADBE-FB2AA6CB0969}.Release|x64.ActiveCfg = Release|Any CPU
		{00A4CF3D-452C-421F-ADBE-FB2AA6CB0969}.Release|x64.Build.0 = Release|Any CPU
		{00A4CF3D-452C-421F-ADBE-FB2AA6CB0969}.Release|x86.ActiveCfg = Release|Any CPU
		{00A4CF3D-452C-421F-ADBE-FB2AA6CB0969}.Release|x86.Build.0 = Release|Any CPU
	EndGlobalSection
	GlobalSection(SolutionProperties) = preSolution
		HideSolutionNode = FALSE
	EndGlobalSection
	GlobalSection(ExtensibilityGlobals) = postSolution
		SolutionGuid = {ACA45E56-37CB-4959-A633-67C258020E78}
	EndGlobalSection
EndGlobal
